
Microsoft Visual Studio Solution File, Format Version 12.00
# Visual Studio Version 17
VisualStudioVersion = 17.6.33829.357
MinimumVisualStudioVersion = 10.0.40219.1
Project("{FAE04EC0-301F-11D3-BF4B-00C04F79EFBC}") = "BOOKM1", "BOOKM1.csproj", "{D72BE843-E981-4536-A00C-B25ECA601748}"
EndProject
Global
	GlobalSection(SolutionConfigurationPlatforms) = preSolution
		Debug|Any CPU = Debug|Any CPU
		Release|Any CPU = Release|Any CPU
	EndGlobalSection
	GlobalSection(ProjectConfigurationPlatforms) = postSolution
		{D72BE843-E981-4536-A00C-B25ECA601748}.Debug|Any CPU.ActiveCfg = Debug|Any CPU
		{D72BE843-E981-4536-A00C-B25ECA601748}.Debug|Any CPU.Build.0 = Debug|Any CPU
		{D72BE843-E981-4536-A00C-B25ECA601748}.Release|Any CPU.ActiveCfg = Release|Any CPU
		{D72BE843-E981-4536-A00C-B25ECA601748}.Release|Any CPU.Build.0 = Release|Any CPU
	EndGlobalSection
	GlobalSection(SolutionProperties) = preSolution
		HideSolutionNode = FALSE
	EndGlobalSection
	GlobalSection(ExtensibilityGlobals) = postSolution
		SolutionGuid = {AC4DCB18-C750-464F-817F-D6CB31E550AB}
	EndGlobalSection
EndGlobal
